
Microsoft Visual Studio Solution File, Format Version 12.00
# Visual Studio 15
VisualStudioVersion = 15.0.28010.2041
MinimumVisualStudioVersion = 10.0.40219.1
Project("{8BC9CEB8-8B4A-11D0-8D11-00A0C91BC942}") = "NewYork", "NewYork\NewYork.vcxproj", "{4E2C9FDB-F6A1-4C60-B01A-90B51F7426A1}"
EndProject
Global
	GlobalSection(SolutionConfigurationPlatforms) = preSolution
		Debug|x64 = Debug|x64
		Debug|x86 = Debug|x86
		Release|x64 = Release|x64
		Release|x86 = Release|x86
	EndGlobalSection
	GlobalSection(ProjectConfigurationPlatforms) = postSolution
		{4E2C9FDB-F6A1-4C60-B01A-90B51F7426A1}.Debug|x64.ActiveCfg = Debug|x64
		{4E2C9FDB-F6A1-4C60-B01A-90B51F7426A1}.Debug|x64.Build.0 = Debug|x64
		{4E2C9FDB-F6A1-4C60-B01A-90B51F7426A1}.Debug|x86.ActiveCfg = Debug|Win32
		{4E2C9FDB-F6A1-4C60-B01A-90B51F7426A1}.Debug|x86.Build.0 = Debug|Win32
		{4E2C9FDB-F6A1-4C60-B01A-90B51F7426A1}.Release|x64.ActiveCfg = Release|x64
		{4E2C9FDB-F6A1-4C60-B01A-90B51F7426A1}.Release|x64.Build.0 = Release|x64
		{4E2C9FDB-F6A1-4C60-B01A-90B51F7426A1}.Release|x86.ActiveCfg = Release|Win32
		{4E2C9FDB-F6A1-4C60-B01A-90B51F7426A1}.Release|x86.Build.0 = Release|Win32
	EndGlobalSection
	GlobalSection(SolutionProperties) = preSolution
		HideSolutionNode = FALSE
	EndGlobalSection
	GlobalSection(ExtensibilityGlobals) = postSolution
		SolutionGuid = {8B463DEA-777A-4117-A15C-8DCD6643EB0A}
	EndGlobalSection
EndGlobal
